
Microsoft Visual Studio Solution File, Format Version 12.00
# Visual Studio Version 16
VisualStudioVersion = 16.0.29926.136
MinimumVisualStudioVersion = 10.0.40219.1
Project("{9092AA53-FB77-4645-B42D-1CCCA6BD08BD}") = "ExpressAppTestUserLab", "ExpressAppTestUserLab\ExpressAppTestUserLab.njsproj", "{CA5BC513-6DDC-46B7-908F-5B8FC4E2DC55}"
EndProject
Global
	GlobalSection(SolutionConfigurationPlatforms) = preSolution
		Debug|Any CPU = Debug|Any CPU
		Release|Any CPU = Release|Any CPU
	EndGlobalSection
	GlobalSection(ProjectConfigurationPlatforms) = postSolution
		{CA5BC513-6DDC-46B7-908F-5B8FC4E2DC55}.Debug|Any CPU.ActiveCfg = Debug|Any CPU
		{CA5BC513-6DDC-46B7-908F-5B8FC4E2DC55}.Debug|Any CPU.Build.0 = Debug|Any CPU
		{CA5BC513-6DDC-46B7-908F-5B8FC4E2DC55}.Release|Any CPU.ActiveCfg = Release|Any CPU
		{CA5BC513-6DDC-46B7-908F-5B8FC4E2DC55}.Release|Any CPU.Build.0 = Release|Any CPU
	EndGlobalSection
	GlobalSection(SolutionProperties) = preSolution
		HideSolutionNode = FALSE
	EndGlobalSection
	GlobalSection(ExtensibilityGlobals) = postSolution
		SolutionGuid = {99C86A57-5145-48A9-9B9C-D33B77BF7252}
	EndGlobalSection
EndGlobal
